
Microsoft Visual Studio Solution File, Format Version 12.00
# Visual Studio Version 16
VisualStudioVersion = 16.0.28803.202
MinimumVisualStudioVersion = 10.0.40219.1
Project("{FAE04EC0-301F-11D3-BF4B-00C04F79EFBC}") = "pr1", "pr1\pr1.csproj", "{7EE0F077-15CA-4400-BE5B-EC04A547EC6C}"
EndProject
Global
	GlobalSection(SolutionConfigurationPlatforms) = preSolution
		Debug|Any CPU = Debug|Any CPU
		Release|Any CPU = Release|Any CPU
	EndGlobalSection
	GlobalSection(ProjectConfigurationPlatforms) = postSolution
		{7EE0F077-15CA-4400-BE5B-EC04A547EC6C}.Debug|Any CPU.ActiveCfg = Debug|Any CPU
		{7EE0F077-15CA-4400-BE5B-EC04A547EC6C}.Debug|Any CPU.Build.0 = Debug|Any CPU
		{7EE0F077-15CA-4400-BE5B-EC04A547EC6C}.Release|Any CPU.ActiveCfg = Release|Any CPU
		{7EE0F077-15CA-4400-BE5B-EC04A547EC6C}.Release|Any CPU.Build.0 = Release|Any CPU
	EndGlobalSection
	GlobalSection(SolutionProperties) = preSolution
		HideSolutionNode = FALSE
	EndGlobalSection
	GlobalSection(ExtensibilityGlobals) = postSolution
		SolutionGuid = {D3373A23-6C36-4113-B908-0AA6CE5E750E}
	EndGlobalSection
EndGlobal
